# THIS IS AN AUTOGENERATED FILE. DO NOT EDIT THIS FILE DIRECTLY.
# yarn lockfile v1


"@ideadesignmedia/config.js@^1.0.2":
  version "1.0.2"
  resolved "https://registry.yarnpkg.com/@ideadesignmedia/config.js/-/config.js-1.0.2.tgz#e342fb5222feb18f12f9c8360036358f7ff0d4e8"
  integrity sha512-VrgLaWxvA4/sMLD/TgnZRx+Wx3L0MSa7HqubpkY6nDMtsXSihpa35Tsw7xBnUNV+WmQPwoPjPH//zNMAARbdUA==

"@types/node@*":
  version "22.13.10"
  resolved "https://registry.yarnpkg.com/@types/node/-/node-22.13.10.tgz#df9ea358c5ed991266becc3109dc2dc9125d77e4"
  integrity sha512-I6LPUvlRH+O6VRUqYOcMudhaIdUVWfsjnZavnsraHvpBwaEyMN29ry+0UVJhImYL16xsscu0aske3yA+uPOWfw==
  dependencies:
    undici-types "~6.20.0"

"@types/node@^14.18.63":
  version "14.18.63"
  resolved "https://registry.yarnpkg.com/@types/node/-/node-14.18.63.tgz#1788fa8da838dbb5f9ea994b834278205db6ca2b"
  integrity sha512-fAtCfv4jJg+ExtXhvCkCqUKZ+4ok/JQk01qDKhL5BDDoS3AxKXhV5/MAVUZyQnSEd2GT92fkgZl0pz0Q0AzcIQ==

"@types/ws@^8.18.0":
  version "8.18.0"
  resolved "https://registry.yarnpkg.com/@types/ws/-/ws-8.18.0.tgz#8a2ec491d6f0685ceaab9a9b7ff44146236993b5"
  integrity sha512-8svvI3hMyvN0kKCJMvTJP/x6Y/EoQbepff882wL+Sn5QsXb3etnamgrJq4isrBxSJj5L2AuXcI0+bgkoAXGUJw==
  dependencies:
    "@types/node" "*"

typescript@^5.8.2:
  version "5.8.2"
  resolved "https://registry.yarnpkg.com/typescript/-/typescript-5.8.2.tgz#8170b3702f74b79db2e5a96207c15e65807999e4"
  integrity sha512-aJn6wq13/afZp/jT9QZmwEjDqqvSGp1VT5GVg+f/t6/oVyrgXM6BY1h9BRh/O5p3PlUPAe+WuiEZOmb/49RqoQ==

undici-types@~6.20.0:
  version "6.20.0"
  resolved "https://registry.yarnpkg.com/undici-types/-/undici-types-6.20.0.tgz#8171bf22c1f588d1554d55bf204bc624af388433"
  integrity sha512-Ny6QZ2Nju20vw1SRHe3d9jVu6gJ+4e3+MMpqu7pqE5HT6WsTSlce++GQmK5UXS8mzV8DSYHrQH+Xrf2jVcuKNg==

ws@^8.18.1:
  version "8.18.1"
  resolved "https://registry.yarnpkg.com/ws/-/ws-8.18.1.tgz#ea131d3784e1dfdff91adb0a4a116b127515e3cb"
  integrity sha512-RKW2aJZMXeMxVpnZ6bck+RswznaxmzdULiBr6KY7XkTnW8uvt0iT9H5DkHUChXrc+uurzwa0rVI16n/Xzjdz1w==
